
Microsoft Visual Studio Solution File, Format Version 12.00
# Visual Studio Version 16
VisualStudioVersion = 16.0.32002.261
MinimumVisualStudioVersion = 10.0.40219.1
Project("{9A19103F-16F7-4668-BE54-9A1E7A4F7556}") = "Essay", "Essay\Essay.csproj", "{31B03F5C-E595-48A6-B8AD-DB67070CE56C}"
EndProject
Project("{2150E333-8FDC-42A3-9474-1A3956D46DE8}") = "Article", "Article", "{63A1CC52-2C8A-42DA-82A3-1293402C953B}"
EndProject
Project("{2150E333-8FDC-42A3-9474-1A3956D46DE8}") = "Article.Domain", "Article.Domain", "{7ECD754E-45A0-4A02-A5CE-0739CB104ED7}"
EndProject
Project("{9A19103F-16F7-4668-BE54-9A1E7A4F7556}") = "Article.DomainModel", "Article.DomainModel\Article.DomainModel.csproj", "{84DDED20-0848-4AC9-973B-2397A4F7110F}"
EndProject
Project("{2150E333-8FDC-42A3-9474-1A3956D46DE8}") = "Framework", "Framework", "{E06C2B22-3051-429C-9B39-AE4EF97DF38D}"
EndProject
Project("{9A19103F-16F7-4668-BE54-9A1E7A4F7556}") = "Framework.DomainModel", "Framework.DomainModel\Framework.DomainModel.csproj", "{71DB9587-B8AB-4FEF-AD1B-0B63663F81FE}"
EndProject
Project("{9A19103F-16F7-4668-BE54-9A1E7A4F7556}") = "Article.Services", "Article.Services\Article.Services.csproj", "{F5D80247-1D4B-4A95-A30F-516937E2E802}"
EndProject
Project("{9A19103F-16F7-4668-BE54-9A1E7A4F7556}") = "Framework.Services", "Framework.Services\Framework.Services.csproj", "{D2534CFB-3B58-4D40-AFBD-39A5E683B746}"
EndProject
Project("{2150E333-8FDC-42A3-9474-1A3956D46DE8}") = "Article.Infrastructure", "Article.Infrastructure", "{F475DCBF-A4AD-46E0-A972-79E97EE4609B}"
EndProject
Project("{2150E333-8FDC-42A3-9474-1A3956D46DE8}") = "Article.Persistence.EF", "Article.Persistence.EF", "{2A0916DC-CB9F-4493-9EE9-3C50F1CBD3A7}"
EndProject
Project("{9A19103F-16F7-4668-BE54-9A1E7A4F7556}") = "Article.Persistence.EF", "Article.Persistence.EF\Article.Persistence.EF.csproj", "{26B2AD05-FC1B-4E08-A37D-776C731895EC}"
EndProject
Project("{2150E333-8FDC-42A3-9474-1A3956D46DE8}") = "Article.Bootstraper", "Article.Bootstraper", "{786D89A3-6D3F-4075-9A78-B7EADFAAC23A}"
EndProject
Project("{9A19103F-16F7-4668-BE54-9A1E7A4F7556}") = "Article.Bootstraper", "Article.Bootstraper\Article.Bootstraper.csproj", "{134531FA-EB2A-4FE9-94A6-D8DC60345F81}"
EndProject
Project("{2150E333-8FDC-42A3-9474-1A3956D46DE8}") = "Article.Application", "Article.Application", "{4F78BFF5-B343-4468-B597-D6D55AF55482}"
EndProject
Project("{9A19103F-16F7-4668-BE54-9A1E7A4F7556}") = "Article.Application.Model", "Article.Application.Model\Article.Application.Model.csproj", "{315FFB79-FBA6-4CBA-B0DC-E53576147859}"
EndProject
Project("{9A19103F-16F7-4668-BE54-9A1E7A4F7556}") = "Article.Application.Service", "Article.Application.Service\Article.Application.Service.csproj", "{6DD89AE4-8053-4FCC-8C01-CC0060DEE844}"
EndProject
Project("{9A19103F-16F7-4668-BE54-9A1E7A4F7556}") = "Article.Application.Implementation", "Article.Application.Implementation\Article.Application.Implementation.csproj", "{B749AFF8-B3EB-4F55-AE28-C76FFBFD78EA}"
EndProject
Project("{2150E333-8FDC-42A3-9474-1A3956D46DE8}") = "Security", "Security", "{F520437C-8156-4A3B-8FF4-99DD9C359406}"
EndProject
Project("{2150E333-8FDC-42A3-9474-1A3956D46DE8}") = "Security.Domain", "Security.Domain", "{1547D832-A154-4B84-AE88-E90026A742D4}"
EndProject
Project("{2150E333-8FDC-42A3-9474-1A3956D46DE8}") = "Security.Application", "Security.Application", "{EE8841B9-F966-4897-9D3D-9F7A9E5F735C}"
EndProject
Project("{2150E333-8FDC-42A3-9474-1A3956D46DE8}") = "Security.Bootstraper", "Security.Bootstraper", "{D6460F7F-E83C-4FBE-A7DE-C9906662F143}"
EndProject
Project("{2150E333-8FDC-42A3-9474-1A3956D46DE8}") = "Security.Infrastructor", "Security.Infrastructor", "{0400B211-B081-47EB-ABB0-EE2D2CCDF48B}"
EndProject
Project("{9A19103F-16F7-4668-BE54-9A1E7A4F7556}") = "Security.Domain.Model", "Security.Domain.Model\Security.Domain.Model.csproj", "{EC87C382-DF62-4BA3-8ACB-5C7C3ECAD369}"
EndProject
Project("{9A19103F-16F7-4668-BE54-9A1E7A4F7556}") = "Security.Domain.Services", "Security.Domain.Services\Security.Domain.Services.csproj", "{BE274F73-C358-4E1D-8376-580B9A8DF857}"
EndProject
Project("{2150E333-8FDC-42A3-9474-1A3956D46DE8}") = "Security.Persistence.EF", "Security.Persistence.EF", "{169A44E4-5DFD-4833-BB50-48B4605F1BD9}"
EndProject
Project("{9A19103F-16F7-4668-BE54-9A1E7A4F7556}") = "Securit.Persistence.EF", "Securit.Persistence.EF\Securit.Persistence.EF.csproj", "{39E4C5B2-D289-4E64-93AA-3EDCCBC6ED55}"
EndProject
Project("{9A19103F-16F7-4668-BE54-9A1E7A4F7556}") = "Security.Bootstraper", "Security.Bootstraper\Security.Bootstraper.csproj", "{3561F31C-4C46-44B9-922B-C66A3015528C}"
EndProject
Project("{9A19103F-16F7-4668-BE54-9A1E7A4F7556}") = "Security.Application.Model", "Security.Application.Model\Security.Application.Model.csproj", "{086D41AA-03EF-4811-AAE9-8B1E7C324EF9}"
EndProject
Project("{9A19103F-16F7-4668-BE54-9A1E7A4F7556}") = "Security.Application.Services", "Security.Application.Services\Security.Application.Services.csproj", "{CF0546E2-2ED1-4293-BE6A-25599A67EE2E}"
EndProject
Project("{9A19103F-16F7-4668-BE54-9A1E7A4F7556}") = "Security.Application.Implementation", "Security.Application.Implementation\Security.Application.Implementation.csproj", "{572D53E3-E693-4DDF-9A29-8205C5A5F083}"
EndProject
Project("{9A19103F-16F7-4668-BE54-9A1E7A4F7556}") = "Framework.Security", "Framework.Security\Framework.Security.csproj", "{2DD75C5A-A085-4722-AFFB-A8E20CC6F045}"
EndProject
Project("{FAE04EC0-301F-11D3-BF4B-00C04F79EFBC}") = "Framework.File", "Framework.File\Framework.File.csproj", "{78CF1C3B-560F-4267-9B74-932F95700B65}"
EndProject
Global
	GlobalSection(SolutionConfigurationPlatforms) = preSolution
		Debug|Any CPU = Debug|Any CPU
		Release|Any CPU = Release|Any CPU
	EndGlobalSection
	GlobalSection(ProjectConfigurationPlatforms) = postSolution
		{31B03F5C-E595-48A6-B8AD-DB67070CE56C}.Debug|Any CPU.ActiveCfg = Debug|Any CPU
		{31B03F5C-E595-48A6-B8AD-DB67070CE56C}.Debug|Any CPU.Build.0 = Debug|Any CPU
		{31B03F5C-E595-48A6-B8AD-DB67070CE56C}.Release|Any CPU.ActiveCfg = Release|Any CPU
		{31B03F5C-E595-48A6-B8AD-DB67070CE56C}.Release|Any CPU.Build.0 = Release|Any CPU
		{84DDED20-0848-4AC9-973B-2397A4F7110F}.Debug|Any CPU.ActiveCfg = Debug|Any CPU
		{84DDED20-0848-4AC9-973B-2397A4F7110F}.Debug|Any CPU.Build.0 = Debug|Any CPU
		{84DDED20-0848-4AC9-973B-2397A4F7110F}.Release|Any CPU.ActiveCfg = Release|Any CPU
		{84DDED20-0848-4AC9-973B-2397A4F7110F}.Release|Any CPU.Build.0 = Release|Any CPU
		{71DB9587-B8AB-4FEF-AD1B-0B63663F81FE}.Debug|Any CPU.ActiveCfg = Debug|Any CPU
		{71DB9587-B8AB-4FEF-AD1B-0B63663F81FE}.Debug|Any CPU.Build.0 = Debug|Any CPU
		{71DB9587-B8AB-4FEF-AD1B-0B63663F81FE}.Release|Any CPU.ActiveCfg = Release|Any CPU
		{71DB9587-B8AB-4FEF-AD1B-0B63663F81FE}.Release|Any CPU.Build.0 = Release|Any CPU
		{F5D80247-1D4B-4A95-A30F-516937E2E802}.Debug|Any CPU.ActiveCfg = Debug|Any CPU
		{F5D80247-1D4B-4A95-A30F-516937E2E802}.Debug|Any CPU.Build.0 = Debug|Any CPU
		{F5D80247-1D4B-4A95-A30F-516937E2E802}.Release|Any CPU.ActiveCfg = Release|Any CPU
		{F5D80247-1D4B-4A95-A30F-516937E2E802}.Release|Any CPU.Build.0 = Release|Any CPU
		{D2534CFB-3B58-4D40-AFBD-39A5E683B746}.Debug|Any CPU.ActiveCfg = Debug|Any CPU
		{D2534CFB-3B58-4D40-AFBD-39A5E683B746}.Debug|Any CPU.Build.0 = Debug|Any CPU
		{D2534CFB-3B58-4D40-AFBD-39A5E683B746}.Release|Any CPU.ActiveCfg = Release|Any CPU
		{D2534CFB-3B58-4D40-AFBD-39A5E683B746}.Release|Any CPU.Build.0 = Release|Any CPU
		{26B2AD05-FC1B-4E08-A37D-776C731895EC}.Debug|Any CPU.ActiveCfg = Debug|Any CPU
		{26B2AD05-FC1B-4E08-A37D-776C731895EC}.Debug|Any CPU.Build.0 = Debug|Any CPU
		{26B2AD05-FC1B-4E08-A37D-776C731895EC}.Release|Any CPU.ActiveCfg = Release|Any CPU
		{26B2AD05-FC1B-4E08-A37D-776C731895EC}.Release|Any CPU.Build.0 = Release|Any CPU
		{134531FA-EB2A-4FE9-94A6-D8DC60345F81}.Debug|Any CPU.ActiveCfg = Debug|Any CPU
		{134531FA-EB2A-4FE9-94A6-D8DC60345F81}.Debug|Any CPU.Build.0 = Debug|Any CPU
		{134531FA-EB2A-4FE9-94A6-D8DC60345F81}.Release|Any CPU.ActiveCfg = Release|Any CPU
		{134531FA-EB2A-4FE9-94A6-D8DC60345F81}.Release|Any CPU.Build.0 = Release|Any CPU
		{315FFB79-FBA6-4CBA-B0DC-E53576147859}.Debug|Any CPU.ActiveCfg = Debug|Any CPU
		{315FFB79-FBA6-4CBA-B0DC-E53576147859}.Debug|Any CPU.Build.0 = Debug|Any CPU
		{315FFB79-FBA6-4CBA-B0DC-E53576147859}.Release|Any CPU.ActiveCfg = Release|Any CPU
		{315FFB79-FBA6-4CBA-B0DC-E53576147859}.Release|Any CPU.Build.0 = Release|Any CPU
		{6DD89AE4-8053-4FCC-8C01-CC0060DEE844}.Debug|Any CPU.ActiveCfg = Debug|Any CPU
		{6DD89AE4-8053-4FCC-8C01-CC0060DEE844}.Debug|Any CPU.Build.0 = Debug|Any CPU
		{6DD89AE4-8053-4FCC-8C01-CC0060DEE844}.Release|Any CPU.ActiveCfg = Release|Any CPU
		{6DD89AE4-8053-4FCC-8C01-CC0060DEE844}.Release|Any CPU.Build.0 = Release|Any CPU
		{B749AFF8-B3EB-4F55-AE28-C76FFBFD78EA}.Debug|Any CPU.ActiveCfg = Debug|Any CPU
		{B749AFF8-B3EB-4F55-AE28-C76FFBFD78EA}.Debug|Any CPU.Build.0 = Debug|Any CPU
		{B749AFF8-B3EB-4F55-AE28-C76FFBFD78EA}.Release|Any CPU.ActiveCfg = Release|Any CPU
		{B749AFF8-B3EB-4F55-AE28-C76FFBFD78EA}.Release|Any CPU.Build.0 = Release|Any CPU
		{EC87C382-DF62-4BA3-8ACB-5C7C3ECAD369}.Debug|Any CPU.ActiveCfg = Debug|Any CPU
		{EC87C382-DF62-4BA3-8ACB-5C7C3ECAD369}.Debug|Any CPU.Build.0 = Debug|Any CPU
		{EC87C382-DF62-4BA3-8ACB-5C7C3ECAD369}.Release|Any CPU.ActiveCfg = Release|Any CPU
		{EC87C382-DF62-4BA3-8ACB-5C7C3ECAD369}.Release|Any CPU.Build.0 = Release|Any CPU
		{BE274F73-C358-4E1D-8376-580B9A8DF857}.Debug|Any CPU.ActiveCfg = Debug|Any CPU
		{BE274F73-C358-4E1D-8376-580B9A8DF857}.Debug|Any CPU.Build.0 = Debug|Any CPU
		{BE274F73-C358-4E1D-8376-580B9A8DF857}.Release|Any CPU.ActiveCfg = Release|Any CPU
		{BE274F73-C358-4E1D-8376-580B9A8DF857}.Release|Any CPU.Build.0 = Release|Any CPU
		{39E4C5B2-D289-4E64-93AA-3EDCCBC6ED55}.Debug|Any CPU.ActiveCfg = Debug|Any CPU
		{39E4C5B2-D289-4E64-93AA-3EDCCBC6ED55}.Debug|Any CPU.Build.0 = Debug|Any CPU
		{39E4C5B2-D289-4E64-93AA-3EDCCBC6ED55}.Release|Any CPU.ActiveCfg = Release|Any CPU
		{39E4C5B2-D289-4E64-93AA-3EDCCBC6ED55}.Release|Any CPU.Build.0 = Release|Any CPU
		{3561F31C-4C46-44B9-922B-C66A3015528C}.Debug|Any CPU.ActiveCfg = Debug|Any CPU
		{3561F31C-4C46-44B9-922B-C66A3015528C}.Debug|Any CPU.Build.0 = Debug|Any CPU
		{3561F31C-4C46-44B9-922B-C66A3015528C}.Release|Any CPU.ActiveCfg = Release|Any CPU
		{3561F31C-4C46-44B9-922B-C66A3015528C}.Release|Any CPU.Build.0 = Release|Any CPU
		{086D41AA-03EF-4811-AAE9-8B1E7C324EF9}.Debug|Any CPU.ActiveCfg = Debug|Any CPU
		{086D41AA-03EF-4811-AAE9-8B1E7C324EF9}.Debug|Any CPU.Build.0 = Debug|Any CPU
		{086D41AA-03EF-4811-AAE9-8B1E7C324EF9}.Release|Any CPU.ActiveCfg = Release|Any CPU
		{086D41AA-03EF-4811-AAE9-8B1E7C324EF9}.Release|Any CPU.Build.0 = Release|Any CPU
		{CF0546E2-2ED1-4293-BE6A-25599A67EE2E}.Debug|Any CPU.ActiveCfg = Debug|Any CPU
		{CF0546E2-2ED1-4293-BE6A-25599A67EE2E}.Debug|Any CPU.Build.0 = Debug|Any CPU
		{CF0546E2-2ED1-4293-BE6A-25599A67EE2E}.Release|Any CPU.ActiveCfg = Release|Any CPU
		{CF0546E2-2ED1-4293-BE6A-25599A67EE2E}.Release|Any CPU.Build.0 = Release|Any CPU
		{572D53E3-E693-4DDF-9A29-8205C5A5F083}.Debug|Any CPU.ActiveCfg = Debug|Any CPU
		{572D53E3-E693-4DDF-9A29-8205C5A5F083}.Debug|Any CPU.Build.0 = Debug|Any CPU
		{572D53E3-E693-4DDF-9A29-8205C5A5F083}.Release|Any CPU.ActiveCfg = Release|Any CPU
		{572D53E3-E693-4DDF-9A29-8205C5A5F083}.Release|Any CPU.Build.0 = Release|Any CPU
		{2DD75C5A-A085-4722-AFFB-A8E20CC6F045}.Debug|Any CPU.ActiveCfg = Debug|Any CPU
		{2DD75C5A-A085-4722-AFFB-A8E20CC6F045}.Debug|Any CPU.Build.0 = Debug|Any CPU
		{2DD75C5A-A085-4722-AFFB-A8E20CC6F045}.Release|Any CPU.ActiveCfg = Release|Any CPU
		{2DD75C5A-A085-4722-AFFB-A8E20CC6F045}.Release|Any CPU.Build.0 = Release|Any CPU
		{78CF1C3B-560F-4267-9B74-932F95700B65}.Debug|Any CPU.ActiveCfg = Debug|Any CPU
		{78CF1C3B-560F-4267-9B74-932F95700B65}.Debug|Any CPU.Build.0 = Debug|Any CPU
		{78CF1C3B-560F-4267-9B74-932F95700B65}.Release|Any CPU.ActiveCfg = Release|Any CPU
		{78CF1C3B-560F-4267-9B74-932F95700B65}.Release|Any CPU.Build.0 = Release|Any CPU
	EndGlobalSection
	GlobalSection(SolutionProperties) = preSolution
		HideSolutionNode = FALSE
	EndGlobalSection
	GlobalSection(NestedProjects) = preSolution
		{7ECD754E-45A0-4A02-A5CE-0739CB104ED7} = {63A1CC52-2C8A-42DA-82A3-1293402C953B}
		{84DDED20-0848-4AC9-973B-2397A4F7110F} = {7ECD754E-45A0-4A02-A5CE-0739CB104ED7}
		{71DB9587-B8AB-4FEF-AD1B-0B63663F81FE} = {E06C2B22-3051-429C-9B39-AE4EF97DF38D}
		{F5D80247-1D4B-4A95-A30F-516937E2E802} = {7ECD754E-45A0-4A02-A5CE-0739CB104ED7}
		{D2534CFB-3B58-4D40-AFBD-39A5E683B746} = {E06C2B22-3051-429C-9B39-AE4EF97DF38D}
		{F475DCBF-A4AD-46E0-A972-79E97EE4609B} = {63A1CC52-2C8A-42DA-82A3-1293402C953B}
		{2A0916DC-CB9F-4493-9EE9-3C50F1CBD3A7} = {F475DCBF-A4AD-46E0-A972-79E97EE4609B}
		{26B2AD05-FC1B-4E08-A37D-776C731895EC} = {2A0916DC-CB9F-4493-9EE9-3C50F1CBD3A7}
		{786D89A3-6D3F-4075-9A78-B7EADFAAC23A} = {63A1CC52-2C8A-42DA-82A3-1293402C953B}
		{134531FA-EB2A-4FE9-94A6-D8DC60345F81} = {786D89A3-6D3F-4075-9A78-B7EADFAAC23A}
		{4F78BFF5-B343-4468-B597-D6D55AF55482} = {63A1CC52-2C8A-42DA-82A3-1293402C953B}
		{315FFB79-FBA6-4CBA-B0DC-E53576147859} = {4F78BFF5-B343-4468-B597-D6D55AF55482}
		{6DD89AE4-8053-4FCC-8C01-CC0060DEE844} = {4F78BFF5-B343-4468-B597-D6D55AF55482}
		{B749AFF8-B3EB-4F55-AE28-C76FFBFD78EA} = {4F78BFF5-B343-4468-B597-D6D55AF55482}
		{1547D832-A154-4B84-AE88-E90026A742D4} = {F520437C-8156-4A3B-8FF4-99DD9C359406}
		{EE8841B9-F966-4897-9D3D-9F7A9E5F735C} = {F520437C-8156-4A3B-8FF4-99DD9C359406}
		{D6460F7F-E83C-4FBE-A7DE-C9906662F143} = {F520437C-8156-4A3B-8FF4-99DD9C359406}
		{0400B211-B081-47EB-ABB0-EE2D2CCDF48B} = {F520437C-8156-4A3B-8FF4-99DD9C359406}
		{EC87C382-DF62-4BA3-8ACB-5C7C3ECAD369} = {1547D832-A154-4B84-AE88-E90026A742D4}
		{BE274F73-C358-4E1D-8376-580B9A8DF857} = {1547D832-A154-4B84-AE88-E90026A742D4}
		{169A44E4-5DFD-4833-BB50-48B4605F1BD9} = {0400B211-B081-47EB-ABB0-EE2D2CCDF48B}
		{39E4C5B2-D289-4E64-93AA-3EDCCBC6ED55} = {169A44E4-5DFD-4833-BB50-48B4605F1BD9}
		{3561F31C-4C46-44B9-922B-C66A3015528C} = {D6460F7F-E83C-4FBE-A7DE-C9906662F143}
		{086D41AA-03EF-4811-AAE9-8B1E7C324EF9} = {EE8841B9-F966-4897-9D3D-9F7A9E5F735C}
		{CF0546E2-2ED1-4293-BE6A-25599A67EE2E} = {EE8841B9-F966-4897-9D3D-9F7A9E5F735C}
		{572D53E3-E693-4DDF-9A29-8205C5A5F083} = {EE8841B9-F966-4897-9D3D-9F7A9E5F735C}
		{2DD75C5A-A085-4722-AFFB-A8E20CC6F045} = {E06C2B22-3051-429C-9B39-AE4EF97DF38D}
		{78CF1C3B-560F-4267-9B74-932F95700B65} = {E06C2B22-3051-429C-9B39-AE4EF97DF38D}
	EndGlobalSection
	GlobalSection(ExtensibilityGlobals) = postSolution
		SolutionGuid = {6CF3BD46-B8BC-4730-B968-BB2EBBA14C3C}
	EndGlobalSection
EndGlobal
